{
  "version": 1,
  "dependencies": {
    "net10.0": {
      "Microsoft.AspNetCore.App.Internal.Assets": {
        "type": "Direct",
        "requested": "[10.0.6, )",
        "resolved": "10.0.6",
        "contentHash": "3jRLKtAXwSCVDX0vUmGTDwcbSmL05jtf5vUHB9QXpw3wDbT0qU0dUJyKAOKgvwW3j0FI+aHHMbKIZCM63SPkOA=="
      }
    }
  }
}