{
  "version": 1,
  "dependencies": {
    "net10.0": {
      "Microsoft.AspNetCore.App.Internal.Assets": {
        "type": "Direct",
        "requested": "[10.0.1, )",
        "resolved": "10.0.1",
        "contentHash": "rafnWkNfJPA0nCZ5u9bFLiIhCv+aGDWBPJMejuROFMHEpsNhTdv8Cvhv+2jIH+b5485FhndbiwOQJUBMeBa6BQ=="
      }
    }
  }
}